lockfileVersion: '9.0'

settings:
  autoInstallPeers: true
  excludeLinksFromLockfile: false

importers:

  .:
    dependencies:
      '@hookform/resolvers':
        specifier: ^5.2.1
        version: 5.2.1(react-hook-form@7.62.0(react@19.1.1))
      react-hook-form:
        specifier: ^7.62.0
        version: 7.62.0(react@19.1.1)
      zod:
        specifier: ^4.1.5
        version: 4.1.5

packages:

  '@hookform/resolvers@5.2.1':
    resolution: {integrity: sha512-u0+6X58gkjMcxur1wRWokA7XsiiBJ6aK17aPZxhkoYiK5J+HcTx0Vhu9ovXe6H+dVpO6cjrn2FkJTryXEMlryQ==}
    peerDependencies:
      react-hook-form: ^7.55.0

  '@standard-schema/utils@0.3.0':
    resolution: {integrity: sha512-e7Mew686owMaPJVNNLs55PUvgz371nKgwsc4vxE49zsODpJEnxgxRo2y/OKrqueavXgZNMDVj3DdHFlaSAeU8g==}

  react-hook-form@7.62.0:
    resolution: {integrity: sha512-7KWFejc98xqG/F4bAxpL41NB3o1nnvQO1RWZT3TqRZYL8RryQETGfEdVnJN2fy1crCiBLLjkRBVK05j24FxJGA==}
    engines: {node: '>=18.0.0'}
    peerDependencies:
      react: ^16.8.0 || ^17 || ^18 || ^19

  react@19.1.1:
    resolution: {integrity: sha512-w8nqGImo45dmMIfljjMwOGtbmC/mk4CMYhWIicdSflH91J9TyCyczcPFXJzrZ/ZXcgGRFeP6BU0BEJTw6tZdfQ==}
    engines: {node: '>=0.10.0'}

  zod@4.1.5:
    resolution: {integrity: sha512-rcUUZqlLJgBC33IT3PNMgsCq6TzLQEG/Ei/KTCU0PedSWRMAXoOUN+4t/0H+Q8bdnLPdqUYnvboJT0bn/229qg==}

snapshots:

  '@hookform/resolvers@5.2.1(react-hook-form@7.62.0(react@19.1.1))':
    dependencies:
      '@standard-schema/utils': 0.3.0
      react-hook-form: 7.62.0(react@19.1.1)

  '@standard-schema/utils@0.3.0': {}

  react-hook-form@7.62.0(react@19.1.1):
    dependencies:
      react: 19.1.1

  react@19.1.1: {}

  zod@4.1.5: {}
